# This file is autogenerated, do not edit; changes may be undone by the next 'dep ensure'.


[[projects]]
  digest = "1:456072d522123c9b54341b0b431a810a1b7b4d6e34ece9bb00abb8f053292a0a"
  name = "gopkg.in/zeromq/goczmq.v4"
  packages = ["."]
  pruneopts = "UT"
  revision = "4715d4da6d4bc675c3c3ac06ad89f3eb71b3bd73"
  version = "v4.2.0"

[solve-meta]
  analyzer-name = "dep"
  analyzer-version = 1
  input-imports = ["gopkg.in/zeromq/goczmq.v4"]
  solver-name = "gps-cdcl"
  solver-version = 1
